{
  "name": "agosztolai.github.io",
  "lockfileVersion": 3,
  "requires": true,
  "packages": {
    "": {
      "dependencies": {
        "svg-scroll": "^0.1.1"
      }
    },
    "node_modules/svg-scroll": {
      "version": "0.1.1",
      "resolved": "https://registry.npmjs.org/svg-scroll/-/svg-scroll-0.1.1.tgz",
      "integrity": "sha512-Ati1pg6OaXxs5HM4zibgKnHBdm4ItC4lPNL/jkRRU7+xYXt25cKu/1adJUm54U5JmvQWtZPNyS0H/oK1WWQUng=="
    }
  }
}
